
Microsoft Visual Studio Solution File, Format Version 12.00
# Visual Studio Version 17
VisualStudioVersion = 17.2.32630.192
MinimumVisualStudioVersion = 10.0.40219.1
Project("{9A19103F-16F7-4668-BE54-9A1E7A4F7556}") = "AddressBookAssignment", "AddressBook\AddressBookAssignment.csproj", "{6B609A93-C806-4852-B1D3-9D75591C814E}"
EndProject
Project("{9A19103F-16F7-4668-BE54-9A1E7A4F7556}") = "Contract", "Contract\Contract.csproj", "{D68562AD-4576-4A96-96D4-2843F7C12B59}"
EndProject
Project("{9A19103F-16F7-4668-BE54-9A1E7A4F7556}") = "Entities", "Entities\Entities.csproj", "{6443C9A8-942F-49F3-951F-47501F292A4F}"
EndProject
Project("{9A19103F-16F7-4668-BE54-9A1E7A4F7556}") = "Repository", "Repository\Repository.csproj", "{BB086345-D246-47FF-B9D4-E9C1D6327AA1}"
EndProject
Project("{9A19103F-16F7-4668-BE54-9A1E7A4F7556}") = "Services", "Services\Services.csproj", "{83606844-F977-45F3-A198-D3C88392935E}"
EndProject
Project("{9A19103F-16F7-4668-BE54-9A1E7A4F7556}") = "AddressBookXUnittest", "AddressBook.XUnittest\AddressBookXUnittest.csproj", "{4A738682-5F66-46B7-8DB8-1346AB0C649B}"
EndProject
Global
	GlobalSection(SolutionConfigurationPlatforms) = preSolution
		Debug|Any CPU = Debug|Any CPU
		Release|Any CPU = Release|Any CPU
	EndGlobalSection
	GlobalSection(ProjectConfigurationPlatforms) = postSolution
		{6B609A93-C806-4852-B1D3-9D75591C814E}.Debug|Any CPU.ActiveCfg = Debug|Any CPU
		{6B609A93-C806-4852-B1D3-9D75591C814E}.Debug|Any CPU.Build.0 = Debug|Any CPU
		{6B609A93-C806-4852-B1D3-9D75591C814E}.Release|Any CPU.ActiveCfg = Release|Any CPU
		{6B609A93-C806-4852-B1D3-9D75591C814E}.Release|Any CPU.Build.0 = Release|Any CPU
		{D68562AD-4576-4A96-96D4-2843F7C12B59}.Debug|Any CPU.ActiveCfg = Debug|Any CPU
		{D68562AD-4576-4A96-96D4-2843F7C12B59}.Debug|Any CPU.Build.0 = Debug|Any CPU
		{D68562AD-4576-4A96-96D4-2843F7C12B59}.Release|Any CPU.ActiveCfg = Release|Any CPU
		{D68562AD-4576-4A96-96D4-2843F7C12B59}.Release|Any CPU.Build.0 = Release|Any CPU
		{6443C9A8-942F-49F3-951F-47501F292A4F}.Debug|Any CPU.ActiveCfg = Debug|Any CPU
		{6443C9A8-942F-49F3-951F-47501F292A4F}.Debug|Any CPU.Build.0 = Debug|Any CPU
		{6443C9A8-942F-49F3-951F-47501F292A4F}.Release|Any CPU.ActiveCfg = Release|Any CPU
		{6443C9A8-942F-49F3-951F-47501F292A4F}.Release|Any CPU.Build.0 = Release|Any CPU
		{BB086345-D246-47FF-B9D4-E9C1D6327AA1}.Debug|Any CPU.ActiveCfg = Debug|Any CPU
		{BB086345-D246-47FF-B9D4-E9C1D6327AA1}.Debug|Any CPU.Build.0 = Debug|Any CPU
		{BB086345-D246-47FF-B9D4-E9C1D6327AA1}.Release|Any CPU.ActiveCfg = Release|Any CPU
		{BB086345-D246-47FF-B9D4-E9C1D6327AA1}.Release|Any CPU.Build.0 = Release|Any CPU
		{83606844-F977-45F3-A198-D3C88392935E}.Debug|Any CPU.ActiveCfg = Debug|Any CPU
		{83606844-F977-45F3-A198-D3C88392935E}.Debug|Any CPU.Build.0 = Debug|Any CPU
		{83606844-F977-45F3-A198-D3C88392935E}.Release|Any CPU.ActiveCfg = Release|Any CPU
		{83606844-F977-45F3-A198-D3C88392935E}.Release|Any CPU.Build.0 = Release|Any CPU
		{4A738682-5F66-46B7-8DB8-1346AB0C649B}.Debug|Any CPU.ActiveCfg = Debug|Any CPU
		{4A738682-5F66-46B7-8DB8-1346AB0C649B}.Debug|Any CPU.Build.0 = Debug|Any CPU
		{4A738682-5F66-46B7-8DB8-1346AB0C649B}.Release|Any CPU.ActiveCfg = Release|Any CPU
		{4A738682-5F66-46B7-8DB8-1346AB0C649B}.Release|Any CPU.Build.0 = Release|Any CPU
	EndGlobalSection
	GlobalSection(SolutionProperties) = preSolution
		HideSolutionNode = FALSE
	EndGlobalSection
	GlobalSection(ExtensibilityGlobals) = postSolution
		SolutionGuid = {D58C3DB3-A0CA-4843-9BCD-9E238187CAA9}
	EndGlobalSection
EndGlobal
